// !$*UTF8*$!
{
	archiveVersion = 1;
	classes = {
	};
	objectVersion = 56;
	objects = {

/* Begin PBXBuildFile section */
		23884D542B86078E00178E40 /* ThatsNotAHatApp.swift in Sources */ = {isa = PBXBuildFile; fileRef = 23884D532B86078E00178E40 /* ThatsNotAHatApp.swift */; };
		23884D562B86078E00178E40 /* ContentView.swift in Sources */ = {isa = PBXBuildFile; fileRef = 23884D552B86078E00178E40 /* ContentView.swift */; };
		23884D582B86079900178E40 /* Assets.xcassets in Resources */ = {isa = PBXBuildFile; fileRef = 23884D572B86079900178E40 /* Assets.xcassets */; };
		23884D5B2B86079900178E40 /* Preview Assets.xcassets in Resources */ = {isa = PBXBuildFile; fileRef = 23884D5A2B86079900178E40 /* Preview Assets.xcassets */; };
		2389549F2BA1A298000DB771 /* Player.swift in Sources */ = {isa = PBXBuildFile; fileRef = 2389549E2BA1A298000DB771 /* Player.swift */; };
		238954A12BA1A34B000DB771 /* CardView.swift in Sources */ = {isa = PBXBuildFile; fileRef = 238954A02BA1A34B000DB771 /* CardView.swift */; };
		238954A32BA1A3A5000DB771 /* PassCardView.swift in Sources */ = {isa = PBXBuildFile; fileRef = 238954A22BA1A3A5000DB771 /* PassCardView.swift */; };
		238954A52BA1A3D7000DB771 /* ThatsNotAHat.swift in Sources */ = {isa = PBXBuildFile; fileRef = 238954A42BA1A3D7000DB771 /* ThatsNotAHat.swift */; };
		238954A72BA1A404000DB771 /* PlayerView.swift in Sources */ = {isa = PBXBuildFile; fileRef = 238954A62BA1A404000DB771 /* PlayerView.swift */; };
		238954A92BA1A41D000DB771 /* ThatsNotAHatGame.swift in Sources */ = {isa = PBXBuildFile; fileRef = 238954A82BA1A41D000DB771 /* ThatsNotAHatGame.swift */; };
		238954AB2BA1A443000DB771 /* CardStackView.swift in Sources */ = {isa = PBXBuildFile; fileRef = 238954AA2BA1A443000DB771 /* CardStackView.swift */; };
		238954AD2BA1A45B000DB771 /* PlayerChoosesView.swift in Sources */ = {isa = PBXBuildFile; fileRef = 238954AC2BA1A45B000DB771 /* PlayerChoosesView.swift */; };
		238954AF2BA1A4F7000DB771 /* Card.swift in Sources */ = {isa = PBXBuildFile; fileRef = 238954AE2BA1A4F7000DB771 /* Card.swift */; };
		238954B12BA1B3FD000DB771 /* MessageView.swift in Sources */ = {isa = PBXBuildFile; fileRef = 238954B02BA1B3FD000DB771 /* MessageView.swift */; };
		238954B32BA1B5FD000DB771 /* IdleView.swift in Sources */ = {isa = PBXBuildFile; fileRef = 238954B22BA1B5FD000DB771 /* IdleView.swift */; };
		23E2820D2BA9AF9C008F30C8 /* GameStartView.swift in Sources */ = {isa = PBXBuildFile; fileRef = 23E2820C2BA9AF9C008F30C8 /* GameStartView.swift */; };
		23FA8C902BA4397200A1D0E8 /* Deck.swift in Sources */ = {isa = PBXBuildFile; fileRef = 23FA8C8F2BA4397200A1D0E8 /* Deck.swift */; };
		23FA8C952BA43E4600A1D0E8 /* Model.swift in Sources */ = {isa = PBXBuildFile; fileRef = 23FA8C942BA43E4600A1D0E8 /* Model.swift */; };
		23FA8C972BA43E6F00A1D0E8 /* Chunk.swift in Sources */ = {isa = PBXBuildFile; fileRef = 23FA8C962BA43E6F00A1D0E8 /* Chunk.swift */; };
		23FA8C992BA43E8D00A1D0E8 /* BufferCondition.swift in Sources */ = {isa = PBXBuildFile; fileRef = 23FA8C982BA43E8D00A1D0E8 /* BufferCondition.swift */; };
		23FA8C9B2BA43EAA00A1D0E8 /* BufferAction.swift in Sources */ = {isa = PBXBuildFile; fileRef = 23FA8C9A2BA43EAA00A1D0E8 /* BufferAction.swift */; };
		23FA8C9D2BA43EC300A1D0E8 /* Declarative.swift in Sources */ = {isa = PBXBuildFile; fileRef = 23FA8C9C2BA43EC300A1D0E8 /* Declarative.swift */; };
		23FA8C9F2BA43ED900A1D0E8 /* Instantiation.swift in Sources */ = {isa = PBXBuildFile; fileRef = 23FA8C9E2BA43ED900A1D0E8 /* Instantiation.swift */; };
		23FA8CA12BA43EE700A1D0E8 /* Parser.swift in Sources */ = {isa = PBXBuildFile; fileRef = 23FA8CA02BA43EE700A1D0E8 /* Parser.swift */; };
		23FA8CA32BA43EFE00A1D0E8 /* Procedural.swift in Sources */ = {isa = PBXBuildFile; fileRef = 23FA8CA22BA43EFE00A1D0E8 /* Procedural.swift */; };
		23FA8CA52BA43F1200A1D0E8 /* Production.swift in Sources */ = {isa = PBXBuildFile; fileRef = 23FA8CA42BA43F1100A1D0E8 /* Production.swift */; };
		23FA8CA72BA43F2300A1D0E8 /* SlotAction.swift in Sources */ = {isa = PBXBuildFile; fileRef = 23FA8CA62BA43F2300A1D0E8 /* SlotAction.swift */; };
		23FA8CA92BA43F3200A1D0E8 /* SlotCondition.swift in Sources */ = {isa = PBXBuildFile; fileRef = 23FA8CA82BA43F3200A1D0E8 /* SlotCondition.swift */; };
		23FA8CAB2BA43F4D00A1D0E8 /* Support.swift in Sources */ = {isa = PBXBuildFile; fileRef = 23FA8CAA2BA43F4D00A1D0E8 /* Support.swift */; };
		23FA8CAD2BA43F6100A1D0E8 /* Temporal.swift in Sources */ = {isa = PBXBuildFile; fileRef = 23FA8CAC2BA43F6100A1D0E8 /* Temporal.swift */; };
		23FA8CAF2BA43F7000A1D0E8 /* Tokenizer.swift in Sources */ = {isa = PBXBuildFile; fileRef = 23FA8CAE2BA43F7000A1D0E8 /* Tokenizer.swift */; };
		23FA8CB12BA43F8200A1D0E8 /* Vision.swift in Sources */ = {isa = PBXBuildFile; fileRef = 23FA8CB02BA43F8200A1D0E8 /* Vision.swift */; };
/* End PBXBuildFile section */

/* Begin PBXFileReference section */
		23884D502B86078E00178E40 /* ThatsNotAHat.app */ = {isa = PBXFileReference; explicitFileType = wrapper.application; includeInIndex = 0; path = ThatsNotAHat.app; sourceTree = BUILT_PRODUCTS_DIR; };
		23884D532B86078E00178E40 /* ThatsNotAHatApp.swift */ = {isa = PBXFileReference; lastKnownFileType = sourcecode.swift; path = ThatsNotAHatApp.swift; sourceTree = "<group>"; };
		23884D552B86078E00178E40 /* ContentView.swift */ = {isa = PBXFileReference; lastKnownFileType = sourcecode.swift; path = ContentView.swift; sourceTree = "<group>"; };
		23884D572B86079900178E40 /* Assets.xcassets */ = {isa = PBXFileReference; lastKnownFileType = folder.assetcatalog; path = Assets.xcassets; sourceTree = "<group>"; };
		23884D5A2B86079900178E40 /* Preview Assets.xcassets */ = {isa = PBXFileReference; lastKnownFileType = folder.assetcatalog; path = "Preview Assets.xcassets"; sourceTree = "<group>"; };
		2389549E2BA1A298000DB771 /* Player.swift */ = {isa = PBXFileReference; lastKnownFileType = sourcecode.swift; name = Player.swift; path = ThatsNotAHat/Player.swift; sourceTree = SOURCE_ROOT; };
		238954A02BA1A34B000DB771 /* CardView.swift */ = {isa = PBXFileReference; lastKnownFileType = sourcecode.swift; path = CardView.swift; sourceTree = "<group>"; };
		238954A22BA1A3A5000DB771 /* PassCardView.swift */ = {isa = PBXFileReference; lastKnownFileType = sourcecode.swift; path = PassCardView.swift; sourceTree = "<group>"; };
		238954A42BA1A3D7000DB771 /* ThatsNotAHat.swift */ = {isa = PBXFileReference; lastKnownFileType = sourcecode.swift; path = ThatsNotAHat.swift; sourceTree = "<group>"; };
		238954A62BA1A404000DB771 /* PlayerView.swift */ = {isa = PBXFileReference; lastKnownFileType = sourcecode.swift; path = PlayerView.swift; sourceTree = "<group>"; };
		238954A82BA1A41D000DB771 /* ThatsNotAHatGame.swift */ = {isa = PBXFileReference; lastKnownFileType = sourcecode.swift; path = ThatsNotAHatGame.swift; sourceTree = "<group>"; };
		238954AA2BA1A443000DB771 /* CardStackView.swift */ = {isa = PBXFileReference; lastKnownFileType = sourcecode.swift; path = CardStackView.swift; sourceTree = "<group>"; };
		238954AC2BA1A45B000DB771 /* PlayerChoosesView.swift */ = {isa = PBXFileReference; lastKnownFileType = sourcecode.swift; path = PlayerChoosesView.swift; sourceTree = "<group>"; };
		238954AE2BA1A4F7000DB771 /* Card.swift */ = {isa = PBXFileReference; lastKnownFileType = sourcecode.swift; path = Card.swift; sourceTree = "<group>"; };
		238954B02BA1B3FD000DB771 /* MessageView.swift */ = {isa = PBXFileReference; lastKnownFileType = sourcecode.swift; path = MessageView.swift; sourceTree = "<group>"; };
		238954B22BA1B5FD000DB771 /* IdleView.swift */ = {isa = PBXFileReference; lastKnownFileType = sourcecode.swift; path = IdleView.swift; sourceTree = "<group>"; };
		23E2820C2BA9AF9C008F30C8 /* GameStartView.swift */ = {isa = PBXFileReference; lastKnownFileType = sourcecode.swift; path = GameStartView.swift; sourceTree = "<group>"; };
		23FA8C8F2BA4397200A1D0E8 /* Deck.swift */ = {isa = PBXFileReference; lastKnownFileType = sourcecode.swift; path = Deck.swift; sourceTree = "<group>"; };
		23FA8C942BA43E4600A1D0E8 /* Model.swift */ = {isa = PBXFileReference; lastKnownFileType = sourcecode.swift; path = Model.swift; sourceTree = "<group>"; };
		23FA8C962BA43E6F00A1D0E8 /* Chunk.swift */ = {isa = PBXFileReference; lastKnownFileType = sourcecode.swift; path = Chunk.swift; sourceTree = "<group>"; };
		23FA8C982BA43E8D00A1D0E8 /* BufferCondition.swift */ = {isa = PBXFileReference; lastKnownFileType = sourcecode.swift; path = BufferCondition.swift; sourceTree = "<group>"; };
		23FA8C9A2BA43EAA00A1D0E8 /* BufferAction.swift */ = {isa = PBXFileReference; lastKnownFileType = sourcecode.swift; path = BufferAction.swift; sourceTree = "<group>"; };
		23FA8C9C2BA43EC300A1D0E8 /* Declarative.swift */ = {isa = PBXFileReference; lastKnownFileType = sourcecode.swift; path = Declarative.swift; sourceTree = "<group>"; };
		23FA8C9E2BA43ED900A1D0E8 /* Instantiation.swift */ = {isa = PBXFileReference; lastKnownFileType = sourcecode.swift; path = Instantiation.swift; sourceTree = "<group>"; };
		23FA8CA02BA43EE700A1D0E8 /* Parser.swift */ = {isa = PBXFileReference; lastKnownFileType = sourcecode.swift; path = Parser.swift; sourceTree = "<group>"; };
		23FA8CA22BA43EFE00A1D0E8 /* Procedural.swift */ = {isa = PBXFileReference; lastKnownFileType = sourcecode.swift; path = Procedural.swift; sourceTree = "<group>"; };
		23FA8CA42BA43F1100A1D0E8 /* Production.swift */ = {isa = PBXFileReference; lastKnownFileType = sourcecode.swift; path = Production.swift; sourceTree = "<group>"; };
		23FA8CA62BA43F2300A1D0E8 /* SlotAction.swift */ = {isa = PBXFileReference; lastKnownFileType = sourcecode.swift; path = SlotAction.swift; sourceTree = "<group>"; };
		23FA8CA82BA43F3200A1D0E8 /* SlotCondition.swift */ = {isa = PBXFileReference; lastKnownFileType = sourcecode.swift; path = SlotCondition.swift; sourceTree = "<group>"; };
		23FA8CAA2BA43F4D00A1D0E8 /* Support.swift */ = {isa = PBXFileReference; lastKnownFileType = sourcecode.swift; path = Support.swift; sourceTree = "<group>"; };
		23FA8CAC2BA43F6100A1D0E8 /* Temporal.swift */ = {isa = PBXFileReference; lastKnownFileType = sourcecode.swift; path = Temporal.swift; sourceTree = "<group>"; };
		23FA8CAE2BA43F7000A1D0E8 /* Tokenizer.swift */ = {isa = PBXFileReference; lastKnownFileType = sourcecode.swift; path = Tokenizer.swift; sourceTree = "<group>"; };
		23FA8CB02BA43F8200A1D0E8 /* Vision.swift */ = {isa = PBXFileReference; lastKnownFileType = sourcecode.swift; path = Vision.swift; sourceTree = "<group>"; };
/* End PBXFileReference section */

/* Begin PBXFrameworksBuildPhase section */
		23884D4D2B86078E00178E40 /* Frameworks */ = {
			isa = PBXFrameworksBuildPhase;
			buildActionMask = 2147483647;
			files = (
			);
			runOnlyForDeploymentPostprocessing = 0;
		};
/* End PBXFrameworksBuildPhase section */

/* Begin PBXGroup section */
		23884D472B86078D00178E40 = {
			isa = PBXGroup;
			children = (
				23884D522B86078E00178E40 /* ThatsNotAHat */,
				23884D512B86078E00178E40 /* Products */,
			);
			sourceTree = "<group>";
		};
		23884D512B86078E00178E40 /* Products */ = {
			isa = PBXGroup;
			children = (
				23884D502B86078E00178E40 /* ThatsNotAHat.app */,
			);
			name = Products;
			sourceTree = "<group>";
		};
		23884D522B86078E00178E40 /* ThatsNotAHat */ = {
			isa = PBXGroup;
			children = (
				23FA8C932BA43E3300A1D0E8 /* ACT-R */,
				23884D532B86078E00178E40 /* ThatsNotAHatApp.swift */,
				238954A02BA1A34B000DB771 /* CardView.swift */,
				23884D552B86078E00178E40 /* ContentView.swift */,
				238954A62BA1A404000DB771 /* PlayerView.swift */,
				238954AA2BA1A443000DB771 /* CardStackView.swift */,
				238954B02BA1B3FD000DB771 /* MessageView.swift */,
				23E2820C2BA9AF9C008F30C8 /* GameStartView.swift */,
				238954A22BA1A3A5000DB771 /* PassCardView.swift */,
				238954AC2BA1A45B000DB771 /* PlayerChoosesView.swift */,
				238954B22BA1B5FD000DB771 /* IdleView.swift */,
				238954A82BA1A41D000DB771 /* ThatsNotAHatGame.swift */,
				238954A42BA1A3D7000DB771 /* ThatsNotAHat.swift */,
				238954AE2BA1A4F7000DB771 /* Card.swift */,
				23FA8C8F2BA4397200A1D0E8 /* Deck.swift */,
				2389549E2BA1A298000DB771 /* Player.swift */,
				23884D572B86079900178E40 /* Assets.xcassets */,
				23884D592B86079900178E40 /* Preview Content */,
			);
			path = ThatsNotAHat;
			sourceTree = "<group>";
		};
		23884D592B86079900178E40 /* Preview Content */ = {
			isa = PBXGroup;
			children = (
				23884D5A2B86079900178E40 /* Preview Assets.xcassets */,
			);
			path = "Preview Content";
			sourceTree = "<group>";
		};
		23FA8C932BA43E3300A1D0E8 /* ACT-R */ = {
			isa = PBXGroup;
			children = (
				23FA8C942BA43E4600A1D0E8 /* Model.swift */,
				23FA8C962BA43E6F00A1D0E8 /* Chunk.swift */,
				23FA8C982BA43E8D00A1D0E8 /* BufferCondition.swift */,
				23FA8C9A2BA43EAA00A1D0E8 /* BufferAction.swift */,
				23FA8C9C2BA43EC300A1D0E8 /* Declarative.swift */,
				23FA8C9E2BA43ED900A1D0E8 /* Instantiation.swift */,
				23FA8CA02BA43EE700A1D0E8 /* Parser.swift */,
				23FA8CA22BA43EFE00A1D0E8 /* Procedural.swift */,
				23FA8CA42BA43F1100A1D0E8 /* Production.swift */,
				23FA8CA62BA43F2300A1D0E8 /* SlotAction.swift */,
				23FA8CA82BA43F3200A1D0E8 /* SlotCondition.swift */,
				23FA8CAA2BA43F4D00A1D0E8 /* Support.swift */,
				23FA8CAC2BA43F6100A1D0E8 /* Temporal.swift */,
				23FA8CAE2BA43F7000A1D0E8 /* Tokenizer.swift */,
				23FA8CB02BA43F8200A1D0E8 /* Vision.swift */,
			);
			path = "ACT-R";
			sourceTree = "<group>";
		};
/* End PBXGroup section */

/* Begin PBXNativeTarget section */
		23884D4F2B86078E00178E40 /* ThatsNotAHat */ = {
			isa = PBXNativeTarget;
			buildConfigurationList = 23884D5E2B86079900178E40 /* Build configuration list for PBXNativeTarget "ThatsNotAHat" */;
			buildPhases = (
				23884D4C2B86078E00178E40 /* Sources */,
				23884D4D2B86078E00178E40 /* Frameworks */,
				23884D4E2B86078E00178E40 /* Resources */,
			);
			buildRules = (
			);
			dependencies = (
			);
			name = ThatsNotAHat;
			productName = ThatsNotAHat;
			productReference = 23884D502B86078E00178E40 /* ThatsNotAHat.app */;
			productType = "com.apple.product-type.application";
		};
/* End PBXNativeTarget section */

/* Begin PBXProject section */
		23884D482B86078D00178E40 /* Project object */ = {
			isa = PBXProject;
			attributes = {
				BuildIndependentTargetsInParallel = 1;
				LastSwiftUpdateCheck = 1420;
				LastUpgradeCheck = 1420;
				TargetAttributes = {
					23884D4F2B86078E00178E40 = {
						CreatedOnToolsVersion = 14.2;
					};
				};
			};
			buildConfigurationList = 23884D4B2B86078D00178E40 /* Build configuration list for PBXProject "ThatsNotAHat" */;
			compatibilityVersion = "Xcode 14.0";
			developmentRegion = en;
			hasScannedForEncodings = 0;
			knownRegions = (
				en,
				Base,
			);
			mainGroup = 23884D472B86078D00178E40;
			productRefGroup = 23884D512B86078E00178E40 /* Products */;
			projectDirPath = "";
			projectRoot = "";
			targets = (
				23884D4F2B86078E00178E40 /* ThatsNotAHat */,
			);
		};
/* End PBXProject section */

/* Begin PBXResourcesBuildPhase section */
		23884D4E2B86078E00178E40 /* Resources */ = {
			isa = PBXResourcesBuildPhase;
			buildActionMask = 2147483647;
			files = (
				23884D5B2B86079900178E40 /* Preview Assets.xcassets in Resources */,
				23884D582B86079900178E40 /* Assets.xcassets in Resources */,
			);
			runOnlyForDeploymentPostprocessing = 0;
		};
/* End PBXResourcesBuildPhase section */

/* Begin PBXSourcesBuildPhase section */
		23884D4C2B86078E00178E40 /* Sources */ = {
			isa = PBXSourcesBuildPhase;
			buildActionMask = 2147483647;
			files = (
				23FA8CA92BA43F3200A1D0E8 /* SlotCondition.swift in Sources */,
				23FA8C952BA43E4600A1D0E8 /* Model.swift in Sources */,
				23FA8C902BA4397200A1D0E8 /* Deck.swift in Sources */,
				238954B12BA1B3FD000DB771 /* MessageView.swift in Sources */,
				23FA8CA72BA43F2300A1D0E8 /* SlotAction.swift in Sources */,
				238954AD2BA1A45B000DB771 /* PlayerChoosesView.swift in Sources */,
				238954A72BA1A404000DB771 /* PlayerView.swift in Sources */,
				238954AB2BA1A443000DB771 /* CardStackView.swift in Sources */,
				23884D562B86078E00178E40 /* ContentView.swift in Sources */,
				23FA8CAB2BA43F4D00A1D0E8 /* Support.swift in Sources */,
				23FA8C9F2BA43ED900A1D0E8 /* Instantiation.swift in Sources */,
				23E2820D2BA9AF9C008F30C8 /* GameStartView.swift in Sources */,
				23FA8CA32BA43EFE00A1D0E8 /* Procedural.swift in Sources */,
				2389549F2BA1A298000DB771 /* Player.swift in Sources */,
				23FA8CAD2BA43F6100A1D0E8 /* Temporal.swift in Sources */,
				238954A92BA1A41D000DB771 /* ThatsNotAHatGame.swift in Sources */,
				238954A52BA1A3D7000DB771 /* ThatsNotAHat.swift in Sources */,
				238954A32BA1A3A5000DB771 /* PassCardView.swift in Sources */,
				23FA8CAF2BA43F7000A1D0E8 /* Tokenizer.swift in Sources */,
				238954B32BA1B5FD000DB771 /* IdleView.swift in Sources */,
				238954A12BA1A34B000DB771 /* CardView.swift in Sources */,
				23FA8C9D2BA43EC300A1D0E8 /* Declarative.swift in Sources */,
				23884D542B86078E00178E40 /* ThatsNotAHatApp.swift in Sources */,
				23FA8CA52BA43F1200A1D0E8 /* Production.swift in Sources */,
				23FA8C992BA43E8D00A1D0E8 /* BufferCondition.swift in Sources */,
				238954AF2BA1A4F7000DB771 /* Card.swift in Sources */,
				23FA8CB12BA43F8200A1D0E8 /* Vision.swift in Sources */,
				23FA8C972BA43E6F00A1D0E8 /* Chunk.swift in Sources */,
				23FA8C9B2BA43EAA00A1D0E8 /* BufferAction.swift in Sources */,
				23FA8CA12BA43EE700A1D0E8 /* Parser.swift in Sources */,
			);
			runOnlyForDeploymentPostprocessing = 0;
		};
/* End PBXSourcesBuildPhase section */

/* Begin XCBuildConfiguration section */
		23884D5C2B86079900178E40 /* Debug */ = {
			isa = XCBuildConfiguration;
			buildSettings = {
				ALWAYS_SEARCH_USER_PATHS = NO;
				CLANG_ANALYZER_NONNULL = YES;
				CLANG_ANALYZER_NUMBER_OBJECT_CONVERSION = YES_AGGRESSIVE;
				CLANG_CXX_LANGUAGE_STANDARD = "gnu++20";
				CLANG_ENABLE_MODULES = YES;
				CLANG_ENABLE_OBJC_ARC = YES;
				CLANG_ENABLE_OBJC_WEAK = YES;
				CLANG_WARN_BLOCK_CAPTURE_AUTORELEASING = YES;
				CLANG_WARN_BOOL_CONVERSION = YES;
				CLANG_WARN_COMMA = YES;
				CLANG_WARN_CONSTANT_CONVERSION = YES;
				CLANG_WARN_DEPRECATED_OBJC_IMPLEMENTATIONS = YES;
				CLANG_WARN_DIRECT_OBJC_ISA_USAGE = YES_ERROR;
				CLANG_WARN_DOCUMENTATION_COMMENTS = YES;
				CLANG_WARN_EMPTY_BODY = YES;
				CLANG_WARN_ENUM_CONVERSION = YES;
				CLANG_WARN_INFINITE_RECURSION = YES;
				CLANG_WARN_INT_CONVERSION = YES;
				CLANG_WARN_NON_LITERAL_NULL_CONVERSION = YES;
				CLANG_WARN_OBJC_IMPLICIT_RETAIN_SELF = YES;
				CLANG_WARN_OBJC_LITERAL_CONVERSION = YES;
				CLANG_WARN_OBJC_ROOT_CLASS = YES_ERROR;
				CLANG_WARN_QUOTED_INCLUDE_IN_FRAMEWORK_HEADER = YES;
				CLANG_WARN_RANGE_LOOP_ANALYSIS = YES;
				CLANG_WARN_STRICT_PROTOTYPES = YES;
				CLANG_WARN_SUSPICIOUS_MOVE = YES;
				CLANG_WARN_UNGUARDED_AVAILABILITY = YES_AGGRESSIVE;
				CLANG_WARN_UNREACHABLE_CODE = YES;
				CLANG_WARN__DUPLICATE_METHOD_MATCH = YES;
				COPY_PHASE_STRIP = NO;
				DEBUG_INFORMATION_FORMAT = dwarf;
				ENABLE_STRICT_OBJC_MSGSEND = YES;
				ENABLE_TESTABILITY = YES;
				GCC_C_LANGUAGE_STANDARD = gnu11;
				GCC_DYNAMIC_NO_PIC = NO;
				GCC_NO_COMMON_BLOCKS = YES;
				GCC_OPTIMIZATION_LEVEL = 0;
				GCC_PREPROCESSOR_DEFINITIONS = (
					"DEBUG=1",
					"$(inherited)",
				);
				GCC_WARN_64_TO_32_BIT_CONVERSION = YES;
				GCC_WARN_ABOUT_RETURN_TYPE = YES_ERROR;
				GCC_WARN_UNDECLARED_SELECTOR = YES;
				GCC_WARN_UNINITIALIZED_AUTOS = YES_AGGRESSIVE;
				GCC_WARN_UNUSED_FUNCTION = YES;
				GCC_WARN_UNUSED_VARIABLE = YES;
				IPHONEOS_DEPLOYMENT_TARGET = 16.2;
				MTL_ENABLE_DEBUG_INFO = INCLUDE_SOURCE;
				MTL_FAST_MATH = YES;
				ONLY_ACTIVE_ARCH = YES;
				SDKROOT = iphoneos;
				SWIFT_ACTIVE_COMPILATION_CONDITIONS = DEBUG;
				SWIFT_OPTIMIZATION_LEVEL = "-Onone";
			};
			name = Debug;
		};
		23884D5D2B86079900178E40 /* Release */ = {
			isa = XCBuildConfiguration;
			buildSettings = {
				ALWAYS_SEARCH_USER_PATHS = NO;
				CLANG_ANALYZER_NONNULL = YES;
				CLANG_ANALYZER_NUMBER_OBJECT_CONVERSION = YES_AGGRESSIVE;
				CLANG_CXX_LANGUAGE_STANDARD = "gnu++20";
				CLANG_ENABLE_MODULES = YES;
				CLANG_ENABLE_OBJC_ARC = YES;
				CLANG_ENABLE_OBJC_WEAK = YES;
				CLANG_WARN_BLOCK_CAPTURE_AUTORELEASING = YES;
				CLANG_WARN_BOOL_CONVERSION = YES;
				CLANG_WARN_COMMA = YES;
				CLANG_WARN_CONSTANT_CONVERSION = YES;
				CLANG_WARN_DEPRECATED_OBJC_IMPLEMENTATIONS = YES;
				CLANG_WARN_DIRECT_OBJC_ISA_USAGE = YES_ERROR;
				CLANG_WARN_DOCUMENTATION_COMMENTS = YES;
				CLANG_WARN_EMPTY_BODY = YES;
				CLANG_WARN_ENUM_CONVERSION = YES;
				CLANG_WARN_INFINITE_RECURSION = YES;
				CLANG_WARN_INT_CONVERSION = YES;
				CLANG_WARN_NON_LITERAL_NULL_CONVERSION = YES;
				CLANG_WARN_OBJC_IMPLICIT_RETAIN_SELF = YES;
				CLANG_WARN_OBJC_LITERAL_CONVERSION = YES;
				CLANG_WARN_OBJC_ROOT_CLASS = YES_ERROR;
				CLANG_WARN_QUOTED_INCLUDE_IN_FRAMEWORK_HEADER = YES;
				CLANG_WARN_RANGE_LOOP_ANALYSIS = YES;
				CLANG_WARN_STRICT_PROTOTYPES = YES;
				CLANG_WARN_SUSPICIOUS_MOVE = YES;
				CLANG_WARN_UNGUARDED_AVAILABILITY = YES_AGGRESSIVE;
				CLANG_WARN_UNREACHABLE_CODE = YES;
				CLANG_WARN__DUPLICATE_METHOD_MATCH = YES;
				COPY_PHASE_STRIP = NO;
				DEBUG_INFORMATION_FORMAT = "dwarf-with-dsym";
				ENABLE_NS_ASSERTIONS = NO;
				ENABLE_STRICT_OBJC_MSGSEND = YES;
				GCC_C_LANGUAGE_STANDARD = gnu11;
				GCC_NO_COMMON_BLOCKS = YES;
				GCC_WARN_64_TO_32_BIT_CONVERSION = YES;
				GCC_WARN_ABOUT_RETURN_TYPE = YES_ERROR;
				GCC_WARN_UNDECLARED_SELECTOR = YES;
				GCC_WARN_UNINITIALIZED_AUTOS = YES_AGGRESSIVE;
				GCC_WARN_UNUSED_FUNCTION = YES;
				GCC_WARN_UNUSED_VARIABLE = YES;
				IPHONEOS_DEPLOYMENT_TARGET = 16.2;
				MTL_ENABLE_DEBUG_INFO = NO;
				MTL_FAST_MATH = YES;
				SDKROOT = iphoneos;
				SWIFT_COMPILATION_MODE = wholemodule;
				SWIFT_OPTIMIZATION_LEVEL = "-O";
				VALIDATE_PRODUCT = YES;
			};
			name = Release;
		};
		23884D5F2B86079900178E40 /* Debug */ = {
			isa = XCBuildConfiguration;
			buildSettings = {
				ASSETCATALOG_COMPILER_APPICON_NAME = AppIcon;
				ASSETCATALOG_COMPILER_GLOBAL_ACCENT_COLOR_NAME = AccentColor;
				CODE_SIGN_STYLE = Automatic;
				CURRENT_PROJECT_VERSION = 1;
				DEVELOPMENT_ASSET_PATHS = "\"ThatsNotAHat/Preview Content\"";
				ENABLE_PREVIEWS = YES;
				GENERATE_INFOPLIST_FILE = YES;
				INFOPLIST_KEY_UIApplicationSceneManifest_Generation = YES;
				INFOPLIST_KEY_UIApplicationSupportsIndirectInputEvents = YES;
				INFOPLIST_KEY_UILaunchScreen_Generation = YES;
				INFOPLIST_KEY_UISupportedInterfaceOrientations_iPad = "UIInterfaceOrientationPortrait UIInterfaceOrientationPortraitUpsideDown UIInterfaceOrientationLandscapeLeft UIInterfaceOrientationLandscapeRight";
				INFOPLIST_KEY_UISupportedInterfaceOrientations_iPhone = "UIInterfaceOrientationPortrait UIInterfaceOrientationLandscapeLeft UIInterfaceOrientationLandscapeRight";
				LD_RUNPATH_SEARCH_PATHS = (
					"$(inherited)",
					"@executable_path/Frameworks",
				);
				MARKETING_VERSION = 1.0;
				PRODUCT_BUNDLE_IDENTIFIER = "CMCB-group1.ThatsNotAHat";
				PRODUCT_NAME = "$(TARGET_NAME)";
				SWIFT_EMIT_LOC_STRINGS = YES;
				SWIFT_VERSION = 5.0;
				TARGETED_DEVICE_FAMILY = "1,2";
			};
			name = Debug;
		};
		23884D602B86079900178E40 /* Release */ = {
			isa = XCBuildConfiguration;
			buildSettings = {
				ASSETCATALOG_COMPILER_APPICON_NAME = AppIcon;
				ASSETCATALOG_COMPILER_GLOBAL_ACCENT_COLOR_NAME = AccentColor;
				CODE_SIGN_STYLE = Automatic;
				CURRENT_PROJECT_VERSION = 1;
				DEVELOPMENT_ASSET_PATHS = "\"ThatsNotAHat/Preview Content\"";
				ENABLE_PREVIEWS = YES;
				GENERATE_INFOPLIST_FILE = YES;
				INFOPLIST_KEY_UIApplicationSceneManifest_Generation = YES;
				INFOPLIST_KEY_UIApplicationSupportsIndirectInputEvents = YES;
				INFOPLIST_KEY_UILaunchScreen_Generation = YES;
				INFOPLIST_KEY_UISupportedInterfaceOrientations_iPad = "UIInterfaceOrientationPortrait UIInterfaceOrientationPortraitUpsideDown UIInterfaceOrientationLandscapeLeft UIInterfaceOrientationLandscapeRight";
				INFOPLIST_KEY_UISupportedInterfaceOrientations_iPhone = "UIInterfaceOrientationPortrait UIInterfaceOrientationLandscapeLeft UIInterfaceOrientationLandscapeRight";
				LD_RUNPATH_SEARCH_PATHS = (
					"$(inherited)",
					"@executable_path/Frameworks",
				);
				MARKETING_VERSION = 1.0;
				PRODUCT_BUNDLE_IDENTIFIER = "CMCB-group1.ThatsNotAHat";
				PRODUCT_NAME = "$(TARGET_NAME)";
				SWIFT_EMIT_LOC_STRINGS = YES;
				SWIFT_VERSION = 5.0;
				TARGETED_DEVICE_FAMILY = "1,2";
			};
			name = Release;
		};
/* End XCBuildConfiguration section */

/* Begin XCConfigurationList section */
		23884D4B2B86078D00178E40 /* Build configuration list for PBXProject "ThatsNotAHat" */ = {
			isa = XCConfigurationList;
			buildConfigurations = (
				23884D5C2B86079900178E40 /* Debug */,
				23884D5D2B86079900178E40 /* Release */,
			);
			defaultConfigurationIsVisible = 0;
			defaultConfigurationName = Release;
		};
		23884D5E2B86079900178E40 /* Build configuration list for PBXNativeTarget "ThatsNotAHat" */ = {
			isa = XCConfigurationList;
			buildConfigurations = (
				23884D5F2B86079900178E40 /* Debug */,
				23884D602B86079900178E40 /* Release */,
			);
			defaultConfigurationIsVisible = 0;
			defaultConfigurationName = Release;
		};
/* End XCConfigurationList section */
	};
	rootObject = 23884D482B86078D00178E40 /* Project object */;
}
